
Microsoft Visual Studio Solution File, Format Version 12.00
# Visual Studio Version 17
VisualStudioVersion = 17.0.31903.59
MinimumVisualStudioVersion = 10.0.40219.1
Project("{9A19103F-16F7-4668-BE54-9A1E7A4F7556}") = "TaskExamples", "TaskExamples\TaskExamples.csproj", "{E23BE93D-C88F-4602-8534-3C02881D83C6}"
EndProject
Project("{9A19103F-16F7-4668-BE54-9A1E7A4F7556}") = "TaskFormApp", "TaskFormApp\TaskFormApp.csproj", "{57C01F43-1974-4B65-928B-B128984308F4}"
EndProject
Project("{9A19103F-16F7-4668-BE54-9A1E7A4F7556}") = "TaskWebApp.API", "TaskWebApp.API\TaskWebApp.API.csproj", "{BFB97B62-2585-47E7-B894-D1F95422A9D1}"
EndProject
Project("{9A19103F-16F7-4668-BE54-9A1E7A4F7556}") = "TaskConsoleApp", "TaskConsoleApp\TaskConsoleApp.csproj", "{A8122D44-EBB6-426D-A004-33761FC38091}"
EndProject
Project("{9A19103F-16F7-4668-BE54-9A1E7A4F7556}") = "TaskThreadApp", "TaskThreadApp\TaskThreadApp.csproj", "{67F37FEF-9F8D-4D3F-915B-D5CCCAE087D7}"
EndProject
Project("{9A19103F-16F7-4668-BE54-9A1E7A4F7556}") = "TaskStartNew", "TaskStartNew\TaskStartNew.csproj", "{06E8732E-6DCB-4B7F-996E-59F3A5AC4BB2}"
EndProject
Project("{9A19103F-16F7-4668-BE54-9A1E7A4F7556}") = "TaskFromResult", "TaskFromResult\TaskFromResult.csproj", "{8710FD50-DE9C-45ED-BE7B-712C3119BE23}"
EndProject
Project("{9A19103F-16F7-4668-BE54-9A1E7A4F7556}") = "TaskCancelationFormApp", "TaskCancelationFormApp\TaskCancelationFormApp.csproj", "{DE1ED515-1F92-4CB5-A716-363B4E15EA9E}"
EndProject
Project("{9A19103F-16F7-4668-BE54-9A1E7A4F7556}") = "TaskInstanceResultApp", "TaskInstanceResultApp\TaskInstanceResultApp.csproj", "{56773C60-0C1A-45DE-9AAC-298E2545D60E}"
EndProject
Project("{9A19103F-16F7-4668-BE54-9A1E7A4F7556}") = "TaskInstanceResultApp2", "TaskInstanceResultApp2\TaskInstanceResultApp2.csproj", "{F56F13B9-8EC3-4E62-B369-8C7DCA638386}"
EndProject
Project("{FAE04EC0-301F-11D3-BF4B-00C04F79EFBC}") = "1_19_TaskInstanceApp", "1_19_TaskInstanceApp\1_19_TaskInstanceApp.csproj", "{5385D619-808C-4161-9A62-38AE7017018C}"
EndProject
Project("{FAE04EC0-301F-11D3-BF4B-00C04F79EFBC}") = "1_20_ValueTask", "1_20_ValueTask\1_20_ValueTask.csproj", "{243421B3-E5B7-4D56-A5A3-580C41BDE296}"
EndProject
Project("{FAE04EC0-301F-11D3-BF4B-00C04F79EFBC}") = "1_21_TaskAkis", "1_21_TaskAkis\1_21_TaskAkis.csproj", "{475FB2CC-AAC4-40DB-9A31-20247ED92CE3}"
EndProject
Project("{FAE04EC0-301F-11D3-BF4B-00C04F79EFBC}") = "3_24_ParallelForEach", "3_24_ParallelForEach\3_24_ParallelForEach.csproj", "{66F43DE5-1189-4784-B789-C4ABB50574C1}"
EndProject
Project("{FAE04EC0-301F-11D3-BF4B-00C04F79EFBC}") = "3_25_ParallelForEach", "3_25_ParallelForEach\3_25_ParallelForEach.csproj", "{001CBFD8-6519-47AC-9BFC-D7A54F038D20}"
EndProject
Project("{FAE04EC0-301F-11D3-BF4B-00C04F79EFBC}") = "3_26_RaceCondition", "3_26_RaceCondition\3_26_RaceCondition.csproj", "{3936377D-A2EB-404B-8BB1-BBB1EB4BDA1D}"
EndProject
Project("{FAE04EC0-301F-11D3-BF4B-00C04F79EFBC}") = "3_27_ParallelForApp", "3_27_ParallelForApp\3_27_ParallelForApp.csproj", "{3B33441A-20F1-4B61-8F14-545342654658}"
EndProject
Project("{FAE04EC0-301F-11D3-BF4B-00C04F79EFBC}") = "3_28_ParallelForForEachThreadLocalVariables", "3_28_ParallelForForEachThreadLocalVariables\3_28_ParallelForForEachThreadLocalVariables.csproj", "{51C3C371-4B4D-448B-987E-8D8B3949574B}"
EndProject
Global
	GlobalSection(SolutionConfigurationPlatforms) = preSolution
		Debug|Any CPU = Debug|Any CPU
		Release|Any CPU = Release|Any CPU
	EndGlobalSection
	GlobalSection(ProjectConfigurationPlatforms) = postSolution
		{E23BE93D-C88F-4602-8534-3C02881D83C6}.Debug|Any CPU.ActiveCfg = Debug|Any CPU
		{E23BE93D-C88F-4602-8534-3C02881D83C6}.Debug|Any CPU.Build.0 = Debug|Any CPU
		{E23BE93D-C88F-4602-8534-3C02881D83C6}.Release|Any CPU.ActiveCfg = Release|Any CPU
		{E23BE93D-C88F-4602-8534-3C02881D83C6}.Release|Any CPU.Build.0 = Release|Any CPU
		{57C01F43-1974-4B65-928B-B128984308F4}.Debug|Any CPU.ActiveCfg = Debug|Any CPU
		{57C01F43-1974-4B65-928B-B128984308F4}.Debug|Any CPU.Build.0 = Debug|Any CPU
		{57C01F43-1974-4B65-928B-B128984308F4}.Release|Any CPU.ActiveCfg = Release|Any CPU
		{57C01F43-1974-4B65-928B-B128984308F4}.Release|Any CPU.Build.0 = Release|Any CPU
		{BFB97B62-2585-47E7-B894-D1F95422A9D1}.Debug|Any CPU.ActiveCfg = Debug|Any CPU
		{BFB97B62-2585-47E7-B894-D1F95422A9D1}.Debug|Any CPU.Build.0 = Debug|Any CPU
		{BFB97B62-2585-47E7-B894-D1F95422A9D1}.Release|Any CPU.ActiveCfg = Release|Any CPU
		{BFB97B62-2585-47E7-B894-D1F95422A9D1}.Release|Any CPU.Build.0 = Release|Any CPU
		{A8122D44-EBB6-426D-A004-33761FC38091}.Debug|Any CPU.ActiveCfg = Debug|Any CPU
		{A8122D44-EBB6-426D-A004-33761FC38091}.Debug|Any CPU.Build.0 = Debug|Any CPU
		{A8122D44-EBB6-426D-A004-33761FC38091}.Release|Any CPU.ActiveCfg = Release|Any CPU
		{A8122D44-EBB6-426D-A004-33761FC38091}.Release|Any CPU.Build.0 = Release|Any CPU
		{67F37FEF-9F8D-4D3F-915B-D5CCCAE087D7}.Debug|Any CPU.ActiveCfg = Debug|Any CPU
		{67F37FEF-9F8D-4D3F-915B-D5CCCAE087D7}.Debug|Any CPU.Build.0 = Debug|Any CPU
		{67F37FEF-9F8D-4D3F-915B-D5CCCAE087D7}.Release|Any CPU.ActiveCfg = Release|Any CPU
		{67F37FEF-9F8D-4D3F-915B-D5CCCAE087D7}.Release|Any CPU.Build.0 = Release|Any CPU
		{06E8732E-6DCB-4B7F-996E-59F3A5AC4BB2}.Debug|Any CPU.ActiveCfg = Debug|Any CPU
		{06E8732E-6DCB-4B7F-996E-59F3A5AC4BB2}.Debug|Any CPU.Build.0 = Debug|Any CPU
		{06E8732E-6DCB-4B7F-996E-59F3A5AC4BB2}.Release|Any CPU.ActiveCfg = Release|Any CPU
		{06E8732E-6DCB-4B7F-996E-59F3A5AC4BB2}.Release|Any CPU.Build.0 = Release|Any CPU
		{8710FD50-DE9C-45ED-BE7B-712C3119BE23}.Debug|Any CPU.ActiveCfg = Debug|Any CPU
		{8710FD50-DE9C-45ED-BE7B-712C3119BE23}.Debug|Any CPU.Build.0 = Debug|Any CPU
		{8710FD50-DE9C-45ED-BE7B-712C3119BE23}.Release|Any CPU.ActiveCfg = Release|Any CPU
		{8710FD50-DE9C-45ED-BE7B-712C3119BE23}.Release|Any CPU.Build.0 = Release|Any CPU
		{DE1ED515-1F92-4CB5-A716-363B4E15EA9E}.Debug|Any CPU.ActiveCfg = Debug|Any CPU
		{DE1ED515-1F92-4CB5-A716-363B4E15EA9E}.Debug|Any CPU.Build.0 = Debug|Any CPU
		{DE1ED515-1F92-4CB5-A716-363B4E15EA9E}.Release|Any CPU.ActiveCfg = Release|Any CPU
		{DE1ED515-1F92-4CB5-A716-363B4E15EA9E}.Release|Any CPU.Build.0 = Release|Any CPU
		{56773C60-0C1A-45DE-9AAC-298E2545D60E}.Debug|Any CPU.ActiveCfg = Debug|Any CPU
		{56773C60-0C1A-45DE-9AAC-298E2545D60E}.Debug|Any CPU.Build.0 = Debug|Any CPU
		{56773C60-0C1A-45DE-9AAC-298E2545D60E}.Release|Any CPU.ActiveCfg = Release|Any CPU
		{56773C60-0C1A-45DE-9AAC-298E2545D60E}.Release|Any CPU.Build.0 = Release|Any CPU
		{F56F13B9-8EC3-4E62-B369-8C7DCA638386}.Debug|Any CPU.ActiveCfg = Debug|Any CPU
		{F56F13B9-8EC3-4E62-B369-8C7DCA638386}.Debug|Any CPU.Build.0 = Debug|Any CPU
		{F56F13B9-8EC3-4E62-B369-8C7DCA638386}.Release|Any CPU.ActiveCfg = Release|Any CPU
		{F56F13B9-8EC3-4E62-B369-8C7DCA638386}.Release|Any CPU.Build.0 = Release|Any CPU
		{5385D619-808C-4161-9A62-38AE7017018C}.Debug|Any CPU.ActiveCfg = Debug|Any CPU
		{5385D619-808C-4161-9A62-38AE7017018C}.Debug|Any CPU.Build.0 = Debug|Any CPU
		{5385D619-808C-4161-9A62-38AE7017018C}.Release|Any CPU.ActiveCfg = Release|Any CPU
		{5385D619-808C-4161-9A62-38AE7017018C}.Release|Any CPU.Build.0 = Release|Any CPU
		{243421B3-E5B7-4D56-A5A3-580C41BDE296}.Debug|Any CPU.ActiveCfg = Debug|Any CPU
		{243421B3-E5B7-4D56-A5A3-580C41BDE296}.Debug|Any CPU.Build.0 = Debug|Any CPU
		{243421B3-E5B7-4D56-A5A3-580C41BDE296}.Release|Any CPU.ActiveCfg = Release|Any CPU
		{243421B3-E5B7-4D56-A5A3-580C41BDE296}.Release|Any CPU.Build.0 = Release|Any CPU
		{475FB2CC-AAC4-40DB-9A31-20247ED92CE3}.Debug|Any CPU.ActiveCfg = Debug|Any CPU
		{475FB2CC-AAC4-40DB-9A31-20247ED92CE3}.Debug|Any CPU.Build.0 = Debug|Any CPU
		{475FB2CC-AAC4-40DB-9A31-20247ED92CE3}.Release|Any CPU.ActiveCfg = Release|Any CPU
		{475FB2CC-AAC4-40DB-9A31-20247ED92CE3}.Release|Any CPU.Build.0 = Release|Any CPU
		{66F43DE5-1189-4784-B789-C4ABB50574C1}.Debug|Any CPU.ActiveCfg = Debug|Any CPU
		{66F43DE5-1189-4784-B789-C4ABB50574C1}.Debug|Any CPU.Build.0 = Debug|Any CPU
		{66F43DE5-1189-4784-B789-C4ABB50574C1}.Release|Any CPU.ActiveCfg = Release|Any CPU
		{66F43DE5-1189-4784-B789-C4ABB50574C1}.Release|Any CPU.Build.0 = Release|Any CPU
		{001CBFD8-6519-47AC-9BFC-D7A54F038D20}.Debug|Any CPU.ActiveCfg = Debug|Any CPU
		{001CBFD8-6519-47AC-9BFC-D7A54F038D20}.Debug|Any CPU.Build.0 = Debug|Any CPU
		{001CBFD8-6519-47AC-9BFC-D7A54F038D20}.Release|Any CPU.ActiveCfg = Release|Any CPU
		{001CBFD8-6519-47AC-9BFC-D7A54F038D20}.Release|Any CPU.Build.0 = Release|Any CPU
		{3936377D-A2EB-404B-8BB1-BBB1EB4BDA1D}.Debug|Any CPU.ActiveCfg = Debug|Any CPU
		{3936377D-A2EB-404B-8BB1-BBB1EB4BDA1D}.Debug|Any CPU.Build.0 = Debug|Any CPU
		{3936377D-A2EB-404B-8BB1-BBB1EB4BDA1D}.Release|Any CPU.ActiveCfg = Release|Any CPU
		{3936377D-A2EB-404B-8BB1-BBB1EB4BDA1D}.Release|Any CPU.Build.0 = Release|Any CPU
		{3B33441A-20F1-4B61-8F14-545342654658}.Debug|Any CPU.ActiveCfg = Debug|Any CPU
		{3B33441A-20F1-4B61-8F14-545342654658}.Debug|Any CPU.Build.0 = Debug|Any CPU
		{3B33441A-20F1-4B61-8F14-545342654658}.Release|Any CPU.ActiveCfg = Release|Any CPU
		{3B33441A-20F1-4B61-8F14-545342654658}.Release|Any CPU.Build.0 = Release|Any CPU
		{51C3C371-4B4D-448B-987E-8D8B3949574B}.Debug|Any CPU.ActiveCfg = Debug|Any CPU
		{51C3C371-4B4D-448B-987E-8D8B3949574B}.Debug|Any CPU.Build.0 = Debug|Any CPU
		{51C3C371-4B4D-448B-987E-8D8B3949574B}.Release|Any CPU.ActiveCfg = Release|Any CPU
		{51C3C371-4B4D-448B-987E-8D8B3949574B}.Release|Any CPU.Build.0 = Release|Any CPU
	EndGlobalSection
	GlobalSection(SolutionProperties) = preSolution
		HideSolutionNode = FALSE
	EndGlobalSection
	GlobalSection(ExtensibilityGlobals) = postSolution
		SolutionGuid = {BE34D4DB-4F82-4E90-BB75-B6A1C5DEA98F}
	EndGlobalSection
EndGlobal
